// !$*UTF8*$!
{
	archiveVersion = 1;
	classes = {
	};
	objectVersion = 46;
	objects = {

/* Begin PBXBuildFile section */
		004E35CC1819BCBF00D0A2BF /* Amicable.m in Sources */ = {isa = PBXBuildFile; fileRef = 004E35CB1819BCBF00D0A2BF /* Amicable.m */; };
		007F8269182FD8AB00B408F3 /* MergeSort111013.m in Sources */ = {isa = PBXBuildFile; fileRef = 007F8268182FD8AB00B408F3 /* MergeSort111013.m */; };
		00CC082517F773FC009DBD28 /* Cocoa.framework in Frameworks */ = {isa = PBXBuildFile; fileRef = 00CC082417F773FC009DBD28 /* Cocoa.framework */; };
		00CC082F17F773FC009DBD28 /* InfoPlist.strings in Resources */ = {isa = PBXBuildFile; fileRef = 00CC082D17F773FC009DBD28 /* InfoPlist.strings */; };
		00CC083117F773FC009DBD28 /* main.m in Sources */ = {isa = PBXBuildFile; fileRef = 00CC083017F773FC009DBD28 /* main.m */; };
		00CC083517F773FC009DBD28 /* Credits.rtf in Resources */ = {isa = PBXBuildFile; fileRef = 00CC083317F773FC009DBD28 /* Credits.rtf */; };
		00CC083817F773FC009DBD28 /* AppDelegate.m in Sources */ = {isa = PBXBuildFile; fileRef = 00CC083717F773FC009DBD28 /* AppDelegate.m */; };
		00CC083B17F773FC009DBD28 /* MainMenu.xib in Resources */ = {isa = PBXBuildFile; fileRef = 00CC083917F773FC009DBD28 /* MainMenu.xib */; };
		00CC083D17F773FC009DBD28 /* Images.xcassets in Resources */ = {isa = PBXBuildFile; fileRef = 00CC083C17F773FC009DBD28 /* Images.xcassets */; };
		00CC084417F773FC009DBD28 /* XCTest.framework in Frameworks */ = {isa = PBXBuildFile; fileRef = 00CC084317F773FC009DBD28 /* XCTest.framework */; };
		00CC084517F773FC009DBD28 /* Cocoa.framework in Frameworks */ = {isa = PBXBuildFile; fileRef = 00CC082417F773FC009DBD28 /* Cocoa.framework */; };
		00CC084D17F773FC009DBD28 /* InfoPlist.strings in Resources */ = {isa = PBXBuildFile; fileRef = 00CC084B17F773FC009DBD28 /* InfoPlist.strings */; };
		00CC084F17F773FC009DBD28 /* CodeChallengesTests.m in Sources */ = {isa = PBXBuildFile; fileRef = 00CC084E17F773FC009DBD28 /* CodeChallengesTests.m */; };
		00F761A3181614C600930BE6 /* BMStack.m in Sources */ = {isa = PBXBuildFile; fileRef = 00F761A2181614C600930BE6 /* BMStack.m */; };
/* End PBXBuildFile section */

/* Begin PBXContainerItemProxy section */
		00CC084617F773FC009DBD28 /* PBXContainerItemProxy */ = {
			isa = PBXContainerItemProxy;
			containerPortal = 00CC081917F773FC009DBD28 /* Project object */;
			proxyType = 1;
			remoteGlobalIDString = 00CC082017F773FC009DBD28;
			remoteInfo = CodeChallenges;
		};
/* End PBXContainerItemProxy section */

/* Begin PBXFileReference section */
		004E35CA1819BCBF00D0A2BF /* Amicable.h */ = {isa = PBXFileReference; fileEncoding = 4; lastKnownFileType = sourcecode.c.h; path = Amicable.h; sourceTree = "<group>"; };
		004E35CB1819BCBF00D0A2BF /* Amicable.m */ = {isa = PBXFileReference; fileEncoding = 4; lastKnownFileType = sourcecode.c.objc; path = Amicable.m; sourceTree = "<group>"; };
		006FCB92181ED0A900535F1E /* MergeSort102813.h */ = {isa = PBXFileReference; fileEncoding = 4; lastKnownFileType = sourcecode.c.h; path = MergeSort102813.h; sourceTree = "<group>"; };
		006FCB93181ED0A900535F1E /* MergeSort102813.m */ = {isa = PBXFileReference; fileEncoding = 4; lastKnownFileType = sourcecode.c.objc; path = MergeSort102813.m; sourceTree = "<group>"; };
		007F8267182FD8AB00B408F3 /* MergeSort111013.h */ = {isa = PBXFileReference; fileEncoding = 4; lastKnownFileType = sourcecode.c.h; path = MergeSort111013.h; sourceTree = "<group>"; };
		007F8268182FD8AB00B408F3 /* MergeSort111013.m */ = {isa = PBXFileReference; fileEncoding = 4; lastKnownFileType = sourcecode.c.objc; path = MergeSort111013.m; sourceTree = "<group>"; };
		00A54743180D9BCD0019664B /* QuickSort090113.h */ = {isa = PBXFileReference; fileEncoding = 4; lastKnownFileType = sourcecode.c.h; path = QuickSort090113.h; sourceTree = "<group>"; };
		00A54744180D9BCD0019664B /* QuickSort090113.m */ = {isa = PBXFileReference; fileEncoding = 4; lastKnownFileType = sourcecode.c.objc; path = QuickSort090113.m; sourceTree = "<group>"; };
		00CC082117F773FC009DBD28 /* CodeChallenges.app */ = {isa = PBXFileReference; explicitFileType = wrapper.application; includeInIndex = 0; path = CodeChallenges.app; sourceTree = BUILT_PRODUCTS_DIR; };
		00CC082417F773FC009DBD28 /* Cocoa.framework */ = {isa = PBXFileReference; lastKnownFileType = wrapper.framework; name = Cocoa.framework; path = System/Library/Frameworks/Cocoa.framework; sourceTree = SDKROOT; };
		00CC082717F773FC009DBD28 /* AppKit.framework */ = {isa = PBXFileReference; lastKnownFileType = wrapper.framework; name = AppKit.framework; path = System/Library/Frameworks/AppKit.framework; sourceTree = SDKROOT; };
		00CC082817F773FC009DBD28 /* CoreData.framework */ = {isa = PBXFileReference; lastKnownFileType = wrapper.framework; name = CoreData.framework; path = System/Library/Frameworks/CoreData.framework; sourceTree = SDKROOT; };
		00CC082917F773FC009DBD28 /* Foundation.framework */ = {isa = PBXFileReference; lastKnownFileType = wrapper.framework; name = Foundation.framework; path = System/Library/Frameworks/Foundation.framework; sourceTree = SDKROOT; };
		00CC082C17F773FC009DBD28 /* CodeChallenges-Info.plist */ = {isa = PBXFileReference; lastKnownFileType = text.plist.xml; path = "CodeChallenges-Info.plist"; sourceTree = "<group>"; };
		00CC082E17F773FC009DBD28 /* en */ = {isa = PBXFileReference; lastKnownFileType = text.plist.strings; name = en; path = en.lproj/InfoPlist.strings; sourceTree = "<group>"; };
		00CC083017F773FC009DBD28 /* main.m */ = {isa = PBXFileReference; lastKnownFileType = sourcecode.c.objc; path = main.m; sourceTree = "<group>"; };
		00CC083217F773FC009DBD28 /* CodeChallenges-Prefix.pch */ = {isa = PBXFileReference; lastKnownFileType = sourcecode.c.h; path = "CodeChallenges-Prefix.pch"; sourceTree = "<group>"; };
		00CC083417F773FC009DBD28 /* en */ = {isa = PBXFileReference; lastKnownFileType = text.rtf; name = en; path = en.lproj/Credits.rtf; sourceTree = "<group>"; };
		00CC083617F773FC009DBD28 /* AppDelegate.h */ = {isa = PBXFileReference; lastKnownFileType = sourcecode.c.h; path = AppDelegate.h; sourceTree = "<group>"; };
		00CC083717F773FC009DBD28 /* AppDelegate.m */ = {isa = PBXFileReference; lastKnownFileType = sourcecode.c.objc; path = AppDelegate.m; sourceTree = "<group>"; };
		00CC083A17F773FC009DBD28 /* Base */ = {isa = PBXFileReference; lastKnownFileType = file.xib; name = Base; path = Base.lproj/MainMenu.xib; sourceTree = "<group>"; };
		00CC083C17F773FC009DBD28 /* Images.xcassets */ = {isa = PBXFileReference; lastKnownFileType = folder.assetcatalog; path = Images.xcassets; sourceTree = "<group>"; };
		00CC084217F773FC009DBD28 /* CodeChallengesTests.xctest */ = {isa = PBXFileReference; explicitFileType = wrapper.cfbundle; includeInIndex = 0; path = CodeChallengesTests.xctest; sourceTree = BUILT_PRODUCTS_DIR; };
		00CC084317F773FC009DBD28 /* XCTest.framework */ = {isa = PBXFileReference; lastKnownFileType = wrapper.framework; name = XCTest.framework; path = Library/Frameworks/XCTest.framework; sourceTree = DEVELOPER_DIR; };
		00CC084A17F773FC009DBD28 /* CodeChallengesTests-Info.plist */ = {isa = PBXFileReference; lastKnownFileType = text.plist.xml; path = "CodeChallengesTests-Info.plist"; sourceTree = "<group>"; };
		00CC084C17F773FC009DBD28 /* en */ = {isa = PBXFileReference; lastKnownFileType = text.plist.strings; name = en; path = en.lproj/InfoPlist.strings; sourceTree = "<group>"; };
		00CC084E17F773FC009DBD28 /* CodeChallengesTests.m */ = {isa = PBXFileReference; lastKnownFileType = sourcecode.c.objc; path = CodeChallengesTests.m; sourceTree = "<group>"; };
		00F761931815EF7100930BE6 /* MergeSort100113.m */ = {isa = PBXFileReference; fileEncoding = 4; lastKnownFileType = sourcecode.c.objc; path = MergeSort100113.m; sourceTree = "<group>"; };
		00F761951815F00D00930BE6 /* Macros.h */ = {isa = PBXFileReference; lastKnownFileType = sourcecode.c.h; path = Macros.h; sourceTree = "<group>"; };
		00F7619A1815F0C600930BE6 /* MergeSort102013.m */ = {isa = PBXFileReference; fileEncoding = 4; lastKnownFileType = sourcecode.c.objc; path = MergeSort102013.m; sourceTree = "<group>"; };
		00F7619C1815F63E00930BE6 /* MergeSort102113.c */ = {isa = PBXFileReference; fileEncoding = 4; lastKnownFileType = sourcecode.c.c; path = MergeSort102113.c; sourceTree = "<group>"; };
		00F7619F1815FCC800930BE6 /* MergeSort102113.h */ = {isa = PBXFileReference; lastKnownFileType = sourcecode.c.h; path = MergeSort102113.h; sourceTree = "<group>"; };
		00F761A1181614C600930BE6 /* BMStack.h */ = {isa = PBXFileReference; fileEncoding = 4; lastKnownFileType = sourcecode.c.h; path = BMStack.h; sourceTree = "<group>"; };
		00F761A2181614C600930BE6 /* BMStack.m */ = {isa = PBXFileReference; fileEncoding = 4; lastKnownFileType = sourcecode.c.objc; path = BMStack.m; sourceTree = "<group>"; };
/* End PBXFileReference section */

/* Begin PBXFrameworksBuildPhase section */
		00CC081E17F773FC009DBD28 /* Frameworks */ = {
			isa = PBXFrameworksBuildPhase;
			buildActionMask = 2147483647;
			files = (
				00CC082517F773FC009DBD28 /* Cocoa.framework in Frameworks */,
			);
			runOnlyForDeploymentPostprocessing = 0;
		};
		00CC083F17F773FC009DBD28 /* Frameworks */ = {
			isa = PBXFrameworksBuildPhase;
			buildActionMask = 2147483647;
			files = (
				00CC084517F773FC009DBD28 /* Cocoa.framework in Frameworks */,
				00CC084417F773FC009DBD28 /* XCTest.framework in Frameworks */,
			);
			runOnlyForDeploymentPostprocessing = 0;
		};
/* End PBXFrameworksBuildPhase section */

/* Begin PBXGroup section */
		004E35CD1819BCC100D0A2BF /* Amicable */ = {
			isa = PBXGroup;
			children = (
				004E35CA1819BCBF00D0A2BF /* Amicable.h */,
				004E35CB1819BCBF00D0A2BF /* Amicable.m */,
			);
			name = Amicable;
			sourceTree = "<group>";
		};
		00CC081817F773FC009DBD28 = {
			isa = PBXGroup;
			children = (
				00CC082A17F773FC009DBD28 /* CodeChallenges */,
				00CC084817F773FC009DBD28 /* CodeChallengesTests */,
				00CC082317F773FC009DBD28 /* Frameworks */,
				00CC082217F773FC009DBD28 /* Products */,
			);
			sourceTree = "<group>";
		};
		00CC082217F773FC009DBD28 /* Products */ = {
			isa = PBXGroup;
			children = (
				00CC082117F773FC009DBD28 /* CodeChallenges.app */,
				00CC084217F773FC009DBD28 /* CodeChallengesTests.xctest */,
			);
			name = Products;
			sourceTree = "<group>";
		};
		00CC082317F773FC009DBD28 /* Frameworks */ = {
			isa = PBXGroup;
			children = (
				00CC082417F773FC009DBD28 /* Cocoa.framework */,
				00CC084317F773FC009DBD28 /* XCTest.framework */,
				00CC082617F773FC009DBD28 /* Other Frameworks */,
			);
			name = Frameworks;
			sourceTree = "<group>";
		};
		00CC082617F773FC009DBD28 /* Other Frameworks */ = {
			isa = PBXGroup;
			children = (
				00CC082717F773FC009DBD28 /* AppKit.framework */,
				00CC082817F773FC009DBD28 /* CoreData.framework */,
				00CC082917F773FC009DBD28 /* Foundation.framework */,
			);
			name = "Other Frameworks";
			sourceTree = "<group>";
		};
		00CC082A17F773FC009DBD28 /* CodeChallenges */ = {
			isa = PBXGroup;
			children = (
				00F761A0181614AF00930BE6 /* Stack */,
				00F761981815F0A400930BE6 /* Macros */,
				00F761911815EE9B00930BE6 /* AppDelegate */,
				00F761971815F09600930BE6 /* QuickSort */,
				00F761961815F09000930BE6 /* MergeSort */,
				00CC082B17F773FC009DBD28 /* Supporting Files */,
				004E35CD1819BCC100D0A2BF /* Amicable */,
			);
			path = CodeChallenges;
			sourceTree = "<group>";
		};
		00CC082B17F773FC009DBD28 /* Supporting Files */ = {
			isa = PBXGroup;
			children = (
				00CC083C17F773FC009DBD28 /* Images.xcassets */,
				00CC083917F773FC009DBD28 /* MainMenu.xib */,
				00CC082C17F773FC009DBD28 /* CodeChallenges-Info.plist */,
				00CC082D17F773FC009DBD28 /* InfoPlist.strings */,
				00CC083017F773FC009DBD28 /* main.m */,
				00CC083217F773FC009DBD28 /* CodeChallenges-Prefix.pch */,
				00CC083317F773FC009DBD28 /* Credits.rtf */,
			);
			name = "Supporting Files";
			sourceTree = "<group>";
		};
		00CC084817F773FC009DBD28 /* CodeChallengesTests */ = {
			isa = PBXGroup;
			children = (
				00CC084E17F773FC009DBD28 /* CodeChallengesTests.m */,
				00CC084917F773FC009DBD28 /* Supporting Files */,
			);
			path = CodeChallengesTests;
			sourceTree = "<group>";
		};
		00CC084917F773FC009DBD28 /* Supporting Files */ = {
			isa = PBXGroup;
			children = (
				00CC084A17F773FC009DBD28 /* CodeChallengesTests-Info.plist */,
				00CC084B17F773FC009DBD28 /* InfoPlist.strings */,
			);
			name = "Supporting Files";
			sourceTree = "<group>";
		};
		00F761911815EE9B00930BE6 /* AppDelegate */ = {
			isa = PBXGroup;
			children = (
				00CC083617F773FC009DBD28 /* AppDelegate.h */,
				00CC083717F773FC009DBD28 /* AppDelegate.m */,
			);
			name = AppDelegate;
			sourceTree = "<group>";
		};
		00F761961815F09000930BE6 /* MergeSort */ = {
			isa = PBXGroup;
			children = (
				00F761931815EF7100930BE6 /* MergeSort100113.m */,
				00F7619A1815F0C600930BE6 /* MergeSort102013.m */,
				00F7619F1815FCC800930BE6 /* MergeSort102113.h */,
				00F7619C1815F63E00930BE6 /* MergeSort102113.c */,
				006FCB92181ED0A900535F1E /* MergeSort102813.h */,
				006FCB93181ED0A900535F1E /* MergeSort102813.m */,
				007F8267182FD8AB00B408F3 /* MergeSort111013.h */,
				007F8268182FD8AB00B408F3 /* MergeSort111013.m */,
			);
			name = MergeSort;
			sourceTree = "<group>";
		};
		00F761971815F09600930BE6 /* QuickSort */ = {
			isa = PBXGroup;
			children = (
				00A54743180D9BCD0019664B /* QuickSort090113.h */,
				00A54744180D9BCD0019664B /* QuickSort090113.m */,
			);
			name = QuickSort;
			sourceTree = "<group>";
		};
		00F761981815F0A400930BE6 /* Macros */ = {
			isa = PBXGroup;
			children = (
				00F761951815F00D00930BE6 /* Macros.h */,
			);
			name = Macros;
			sourceTree = "<group>";
		};
		00F761A0181614AF00930BE6 /* Stack */ = {
			isa = PBXGroup;
			children = (
				00F761A1181614C600930BE6 /* BMStack.h */,
				00F761A2181614C600930BE6 /* BMStack.m */,
			);
			name = Stack;
			sourceTree = "<group>";
		};
/* End PBXGroup section */

/* Begin PBXNativeTarget section */
		00CC082017F773FC009DBD28 /* CodeChallenges */ = {
			isa = PBXNativeTarget;
			buildConfigurationList = 00CC085217F773FC009DBD28 /* Build configuration list for PBXNativeTarget "CodeChallenges" */;
			buildPhases = (
				00CC081D17F773FC009DBD28 /* Sources */,
				00CC081E17F773FC009DBD28 /* Frameworks */,
				00CC081F17F773FC009DBD28 /* Resources */,
			);
			buildRules = (
			);
			dependencies = (
			);
			name = CodeChallenges;
			productName = CodeChallenges;
			productReference = 00CC082117F773FC009DBD28 /* CodeChallenges.app */;
			productType = "com.apple.product-type.application";
		};
		00CC084117F773FC009DBD28 /* CodeChallengesTests */ = {
			isa = PBXNativeTarget;
			buildConfigurationList = 00CC085517F773FC009DBD28 /* Build configuration list for PBXNativeTarget "CodeChallengesTests" */;
			buildPhases = (
				00CC083E17F773FC009DBD28 /* Sources */,
				00CC083F17F773FC009DBD28 /* Frameworks */,
				00CC084017F773FC009DBD28 /* Resources */,
			);
			buildRules = (
			);
			dependencies = (
				00CC084717F773FC009DBD28 /* PBXTargetDependency */,
			);
			name = CodeChallengesTests;
			productName = CodeChallengesTests;
			productReference = 00CC084217F773FC009DBD28 /* CodeChallengesTests.xctest */;
			productType = "com.apple.product-type.bundle.unit-test";
		};
/* End PBXNativeTarget section */

/* Begin PBXProject section */
		00CC081917F773FC009DBD28 /* Project object */ = {
			isa = PBXProject;
			attributes = {
				LastUpgradeCheck = 0500;
				ORGANIZATIONNAME = bearMountain;
				TargetAttributes = {
					00CC084117F773FC009DBD28 = {
						TestTargetID = 00CC082017F773FC009DBD28;
					};
				};
			};
			buildConfigurationList = 00CC081C17F773FC009DBD28 /* Build configuration list for PBXProject "CodeChallenges" */;
			compatibilityVersion = "Xcode 3.2";
			developmentRegion = English;
			hasScannedForEncodings = 0;
			knownRegions = (
				en,
				Base,
			);
			mainGroup = 00CC081817F773FC009DBD28;
			productRefGroup = 00CC082217F773FC009DBD28 /* Products */;
			projectDirPath = "";
			projectRoot = "";
			targets = (
				00CC082017F773FC009DBD28 /* CodeChallenges */,
				00CC084117F773FC009DBD28 /* CodeChallengesTests */,
			);
		};
/* End PBXProject section */

/* Begin PBXResourcesBuildPhase section */
		00CC081F17F773FC009DBD28 /* Resources */ = {
			isa = PBXResourcesBuildPhase;
			buildActionMask = 2147483647;
			files = (
				00CC082F17F773FC009DBD28 /* InfoPlist.strings in Resources */,
				00CC083D17F773FC009DBD28 /* Images.xcassets in Resources */,
				00CC083517F773FC009DBD28 /* Credits.rtf in Resources */,
				00CC083B17F773FC009DBD28 /* MainMenu.xib in Resources */,
			);
			runOnlyForDeploymentPostprocessing = 0;
		};
		00CC084017F773FC009DBD28 /* Resources */ = {
			isa = PBXResourcesBuildPhase;
			buildActionMask = 2147483647;
			files = (
				00CC084D17F773FC009DBD28 /* InfoPlist.strings in Resources */,
			);
			runOnlyForDeploymentPostprocessing = 0;
		};
/* End PBXResourcesBuildPhase section */

/* Begin PBXSourcesBuildPhase section */
		00CC081D17F773FC009DBD28 /* Sources */ = {
			isa = PBXSourcesBuildPhase;
			buildActionMask = 2147483647;
			files = (
				00CC083817F773FC009DBD28 /* AppDelegate.m in Sources */,
				004E35CC1819BCBF00D0A2BF /* Amicable.m in Sources */,
				007F8269182FD8AB00B408F3 /* MergeSort111013.m in Sources */,
				00F761A3181614C600930BE6 /* BMStack.m in Sources */,
				00CC083117F773FC009DBD28 /* main.m in Sources */,
			);
			runOnlyForDeploymentPostprocessing = 0;
		};
		00CC083E17F773FC009DBD28 /* Sources */ = {
			isa = PBXSourcesBuildPhase;
			buildActionMask = 2147483647;
			files = (
				00CC084F17F773FC009DBD28 /* CodeChallengesTests.m in Sources */,
			);
			runOnlyForDeploymentPostprocessing = 0;
		};
/* End PBXSourcesBuildPhase section */

/* Begin PBXTargetDependency section */
		00CC084717F773FC009DBD28 /* PBXTargetDependency */ = {
			isa = PBXTargetDependency;
			target = 00CC082017F773FC009DBD28 /* CodeChallenges */;
			targetProxy = 00CC084617F773FC009DBD28 /* PBXContainerItemProxy */;
		};
/* End PBXTargetDependency section */

/* Begin PBXVariantGroup section */
		00CC082D17F773FC009DBD28 /* InfoPlist.strings */ = {
			isa = PBXVariantGroup;
			children = (
				00CC082E17F773FC009DBD28 /* en */,
			);
			name = InfoPlist.strings;
			sourceTree = "<group>";
		};
		00CC083317F773FC009DBD28 /* Credits.rtf */ = {
			isa = PBXVariantGroup;
			children = (
				00CC083417F773FC009DBD28 /* en */,
			);
			name = Credits.rtf;
			sourceTree = "<group>";
		};
		00CC083917F773FC009DBD28 /* MainMenu.xib */ = {
			isa = PBXVariantGroup;
			children = (
				00CC083A17F773FC009DBD28 /* Base */,
			);
			name = MainMenu.xib;
			sourceTree = "<group>";
		};
		00CC084B17F773FC009DBD28 /* InfoPlist.strings */ = {
			isa = PBXVariantGroup;
			children = (
				00CC084C17F773FC009DBD28 /* en */,
			);
			name = InfoPlist.strings;
			sourceTree = "<group>";
		};
/* End PBXVariantGroup section */

/* Begin XCBuildConfiguration section */
		00CC085017F773FC009DBD28 /* Debug */ = {
			isa = XCBuildConfiguration;
			buildSettings = {
				ALWAYS_SEARCH_USER_PATHS = NO;
				CLANG_CXX_LANGUAGE_STANDARD = "gnu++0x";
				CLANG_CXX_LIBRARY = "libc++";
				CLANG_ENABLE_OBJC_ARC = YES;
				CLANG_WARN_BOOL_CONVERSION = YES;
				CLANG_WARN_CONSTANT_CONVERSION = YES;
				CLANG_WARN_DIRECT_OBJC_ISA_USAGE = YES_ERROR;
				CLANG_WARN_EMPTY_BODY = YES;
				CLANG_WARN_ENUM_CONVERSION = YES;
				CLANG_WARN_INT_CONVERSION = YES;
				CLANG_WARN_OBJC_ROOT_CLASS = YES_ERROR;
				CLANG_WARN__DUPLICATE_METHOD_MATCH = YES;
				COPY_PHASE_STRIP = NO;
				GCC_C_LANGUAGE_STANDARD = gnu99;
				GCC_DYNAMIC_NO_PIC = NO;
				GCC_ENABLE_OBJC_EXCEPTIONS = YES;
				GCC_OPTIMIZATION_LEVEL = 0;
				GCC_PREPROCESSOR_DEFINITIONS = (
					"DEBUG=1",
					"$(inherited)",
				);
				GCC_SYMBOLS_PRIVATE_EXTERN = NO;
				GCC_WARN_64_TO_32_BIT_CONVERSION = YES;
				GCC_WARN_ABOUT_RETURN_TYPE = YES_ERROR;
				GCC_WARN_UNDECLARED_SELECTOR = YES;
				GCC_WARN_UNINITIALIZED_AUTOS = YES;
				GCC_WARN_UNUSED_FUNCTION = YES;
				GCC_WARN_UNUSED_VARIABLE = YES;
				MACOSX_DEPLOYMENT_TARGET = 10.8;
				ONLY_ACTIVE_ARCH = YES;
				SDKROOT = macosx;
			};
			name = Debug;
		};
		00CC085117F773FC009DBD28 /* Release */ = {
			isa = XCBuildConfiguration;
			buildSettings = {
				ALWAYS_SEARCH_USER_PATHS = NO;
				CLANG_CXX_LANGUAGE_STANDARD = "gnu++0x";
				CLANG_CXX_LIBRARY = "libc++";
				CLANG_ENABLE_OBJC_ARC = YES;
				CLANG_WARN_BOOL_CONVERSION = YES;
				CLANG_WARN_CONSTANT_CONVERSION = YES;
				CLANG_WARN_DIRECT_OBJC_ISA_USAGE = YES_ERROR;
				CLANG_WARN_EMPTY_BODY = YES;
				CLANG_WARN_ENUM_CONVERSION = YES;
				CLANG_WARN_INT_CONVERSION = YES;
				CLANG_WARN_OBJC_ROOT_CLASS = YES_ERROR;
				CLANG_WARN__DUPLICATE_METHOD_MATCH = YES;
				COPY_PHASE_STRIP = YES;
				DEBUG_INFORMATION_FORMAT = "dwarf-with-dsym";
				ENABLE_NS_ASSERTIONS = NO;
				GCC_C_LANGUAGE_STANDARD = gnu99;
				GCC_ENABLE_OBJC_EXCEPTIONS = YES;
				GCC_WARN_64_TO_32_BIT_CONVERSION = YES;
				GCC_WARN_ABOUT_RETURN_TYPE = YES_ERROR;
				GCC_WARN_UNDECLARED_SELECTOR = YES;
				GCC_WARN_UNINITIALIZED_AUTOS = YES;
				GCC_WARN_UNUSED_FUNCTION = YES;
				GCC_WARN_UNUSED_VARIABLE = YES;
				MACOSX_DEPLOYMENT_TARGET = 10.8;
				SDKROOT = macosx;
			};
			name = Release;
		};
		00CC085317F773FC009DBD28 /* Debug */ = {
			isa = XCBuildConfiguration;
			buildSettings = {
				ASSETCATALOG_COMPILER_APPICON_NAME = AppIcon;
				COMBINE_HIDPI_IMAGES = YES;
				GCC_PRECOMPILE_PREFIX_HEADER = YES;
				GCC_PREFIX_HEADER = "CodeChallenges/CodeChallenges-Prefix.pch";
				INFOPLIST_FILE = "CodeChallenges/CodeChallenges-Info.plist";
				PRODUCT_NAME = "$(TARGET_NAME)";
				WRAPPER_EXTENSION = app;
			};
			name = Debug;
		};
		00CC085417F773FC009DBD28 /* Release */ = {
			isa = XCBuildConfiguration;
			buildSettings = {
				ASSETCATALOG_COMPILER_APPICON_NAME = AppIcon;
				COMBINE_HIDPI_IMAGES = YES;
				GCC_PRECOMPILE_PREFIX_HEADER = YES;
				GCC_PREFIX_HEADER = "CodeChallenges/CodeChallenges-Prefix.pch";
				INFOPLIST_FILE = "CodeChallenges/CodeChallenges-Info.plist";
				PRODUCT_NAME = "$(TARGET_NAME)";
				WRAPPER_EXTENSION = app;
			};
			name = Release;
		};
		00CC085617F773FC009DBD28 /* Debug */ = {
			isa = XCBuildConfiguration;
			buildSettings = {
				BUNDLE_LOADER = "$(BUILT_PRODUCTS_DIR)/CodeChallenges.app/Contents/MacOS/CodeChallenges";
				COMBINE_HIDPI_IMAGES = YES;
				FRAMEWORK_SEARCH_PATHS = (
					"$(DEVELOPER_FRAMEWORKS_DIR)",
					"$(inherited)",
				);
				GCC_PRECOMPILE_PREFIX_HEADER = YES;
				GCC_PREFIX_HEADER = "CodeChallenges/CodeChallenges-Prefix.pch";
				GCC_PREPROCESSOR_DEFINITIONS = (
					"DEBUG=1",
					"$(inherited)",
				);
				INFOPLIST_FILE = "CodeChallengesTests/CodeChallengesTests-Info.plist";
				PRODUCT_NAME = "$(TARGET_NAME)";
				TEST_HOST = "$(BUNDLE_LOADER)";
				WRAPPER_EXTENSION = xctest;
			};
			name = Debug;
		};
		00CC085717F773FC009DBD28 /* Release */ = {
			isa = XCBuildConfiguration;
			buildSettings = {
				BUNDLE_LOADER = "$(BUILT_PRODUCTS_DIR)/CodeChallenges.app/Contents/MacOS/CodeChallenges";
				COMBINE_HIDPI_IMAGES = YES;
				FRAMEWORK_SEARCH_PATHS = (
					"$(DEVELOPER_FRAMEWORKS_DIR)",
					"$(inherited)",
				);
				GCC_PRECOMPILE_PREFIX_HEADER = YES;
				GCC_PREFIX_HEADER = "CodeChallenges/CodeChallenges-Prefix.pch";
				INFOPLIST_FILE = "CodeChallengesTests/CodeChallengesTests-Info.plist";
				PRODUCT_NAME = "$(TARGET_NAME)";
				TEST_HOST = "$(BUNDLE_LOADER)";
				WRAPPER_EXTENSION = xctest;
			};
			name = Release;
		};
/* End XCBuildConfiguration section */

/* Begin XCConfigurationList section */
		00CC081C17F773FC009DBD28 /* Build configuration list for PBXProject "CodeChallenges" */ = {
			isa = XCConfigurationList;
			buildConfigurations = (
				00CC085017F773FC009DBD28 /* Debug */,
				00CC085117F773FC009DBD28 /* Release */,
			);
			defaultConfigurationIsVisible = 0;
			defaultConfigurationName = Release;
		};
		00CC085217F773FC009DBD28 /* Build configuration list for PBXNativeTarget "CodeChallenges" */ = {
			isa = XCConfigurationList;
			buildConfigurations = (
				00CC085317F773FC009DBD28 /* Debug */,
				00CC085417F773FC009DBD28 /* Release */,
			);
			defaultConfigurationIsVisible = 0;
			defaultConfigurationName = Release;
		};
		00CC085517F773FC009DBD28 /* Build configuration list for PBXNativeTarget "CodeChallengesTests" */ = {
			isa = XCConfigurationList;
			buildConfigurations = (
				00CC085617F773FC009DBD28 /* Debug */,
				00CC085717F773FC009DBD28 /* Release */,
			);
			defaultConfigurationIsVisible = 0;
			defaultConfigurationName = Release;
		};
/* End XCConfigurationList section */
	};
	rootObject = 00CC081917F773FC009DBD28 /* Project object */;
}
